
Microsoft Visual Studio Solution File, Format Version 12.00
# Visual Studio Version 17
VisualStudioVersion = 17.7.34202.233
MinimumVisualStudioVersion = 10.0.40219.1
Project("{9A19103F-16F7-4668-BE54-9A1E7A4F7556}") = "PresentationLayer", "PresentationLayer\PresentationLayer.csproj", "{A2D7FEC8-9E4F-4A5E-BED9-A1C4989660E0}"
EndProject
Project("{9A19103F-16F7-4668-BE54-9A1E7A4F7556}") = "DataAccessLayer", "DataAccessLayer\DataAccessLayer.csproj", "{14E740BE-6DCD-4FE9-9A78-14F65B857C83}"
EndProject
Project("{9A19103F-16F7-4668-BE54-9A1E7A4F7556}") = "BusinessServiceLayer", "BusinessServiceLayer\BusinessServiceLayer.csproj", "{00BEA6EF-DD9B-4D8E-9B2D-67C09244B6B4}"
EndProject
Global
	GlobalSection(SolutionConfigurationPlatforms) = preSolution
		Debug|Any CPU = Debug|Any CPU
		Release|Any CPU = Release|Any CPU
	EndGlobalSection
	GlobalSection(ProjectConfigurationPlatforms) = postSolution
		{A2D7FEC8-9E4F-4A5E-BED9-A1C4989660E0}.Debug|Any CPU.ActiveCfg = Debug|Any CPU
		{A2D7FEC8-9E4F-4A5E-BED9-A1C4989660E0}.Debug|Any CPU.Build.0 = Debug|Any CPU
		{A2D7FEC8-9E4F-4A5E-BED9-A1C4989660E0}.Release|Any CPU.ActiveCfg = Release|Any CPU
		{A2D7FEC8-9E4F-4A5E-BED9-A1C4989660E0}.Release|Any CPU.Build.0 = Release|Any CPU
		{14E740BE-6DCD-4FE9-9A78-14F65B857C83}.Debug|Any CPU.ActiveCfg = Debug|Any CPU
		{14E740BE-6DCD-4FE9-9A78-14F65B857C83}.Debug|Any CPU.Build.0 = Debug|Any CPU
		{14E740BE-6DCD-4FE9-9A78-14F65B857C83}.Release|Any CPU.ActiveCfg = Release|Any CPU
		{14E740BE-6DCD-4FE9-9A78-14F65B857C83}.Release|Any CPU.Build.0 = Release|Any CPU
		{00BEA6EF-DD9B-4D8E-9B2D-67C09244B6B4}.Debug|Any CPU.ActiveCfg = Debug|Any CPU
		{00BEA6EF-DD9B-4D8E-9B2D-67C09244B6B4}.Debug|Any CPU.Build.0 = Debug|Any CPU
		{00BEA6EF-DD9B-4D8E-9B2D-67C09244B6B4}.Release|Any CPU.ActiveCfg = Release|Any CPU
		{00BEA6EF-DD9B-4D8E-9B2D-67C09244B6B4}.Release|Any CPU.Build.0 = Release|Any CPU
	EndGlobalSection
	GlobalSection(SolutionProperties) = preSolution
		HideSolutionNode = FALSE
	EndGlobalSection
	GlobalSection(ExtensibilityGlobals) = postSolution
		SolutionGuid = {EE34083F-9323-4EFD-A41F-1D4CE8EFC20F}
	EndGlobalSection
EndGlobal
